{
  "name": "PeriodicTable",
  "version": "0.0.1",
  "lockfileVersion": 1,
  "requires": true,
  "dependencies": {
    "babel-jest": {
      "version": "19.0.0",
      "resolved": "https://registry.npmjs.org/babel-jest/-/babel-jest-19.0.0.tgz",
      "integrity": "sha1-WTI87ZmjqE01naIZyogQdP/Gzj8=",
      "dev": true
    },
    "babel-preset-react-native": {
      "version": "1.9.2",
      "resolved": "https://registry.npmjs.org/babel-preset-react-native/-/babel-preset-react-native-1.9.2.tgz",
      "integrity": "sha1-sird0uNV/zs5Zxt5voB+Ut+hRfI=",
      "dev": true
    },
    "jest": {
      "version": "19.0.2",
      "resolved": "https://registry.npmjs.org/jest/-/jest-19.0.2.tgz",
      "integrity": "sha1-t5T6r4/0Yec4jyi+71WaVPILLBA=",
      "dev": true,
      "dependencies": {
        "ansi-escapes": {
          "version": "1.4.0",
          "resolved": "https://registry.npmjs.org/ansi-escapes/-/ansi-escapes-1.4.0.tgz",
          "integrity": "sha1-06ioOzGapneTZisT52HHkRQiMG4="
        },
        "anymatch": {
          "version": "1.3.2",
          "resolved": "https://registry.npmjs.org/anymatch/-/anymatch-1.3.2.tgz",
          "integrity": "sha512-0XNayC8lTHQ2OI8aljNCN3sSx6hsr/1+rlcDAotXJR7C1oZZHCNsfpbKwMjRA3Uqb5tF1Rae2oloTr4xpq+WjA=="
        },
        "bser": {
          "version": "1.0.2",
          "resolved": "https://registry.npmjs.org/bser/-/bser-1.0.2.tgz",
          "integrity": "sha1-OBEWlwsqbe6lZG3RXdcnhES1YWk="
        },
        "jest-cli": {
          "version": "19.0.2",
          "resolved": "https://registry.npmjs.org/jest-cli/-/jest-cli-19.0.2.tgz",
          "integrity": "sha1-zDYgtirKxfLZOlSMtu9pfU7IVEM="
        },
        "jest-haste-map": {
          "version": "19.0.2",
          "resolved": "https://registry.npmjs.org/jest-haste-map/-/jest-haste-map-19.0.2.tgz",
          "integrity": "sha1-KGSEw6Fuhtp4crCHfDXc4ww9bwc="
        },
        "sane": {
          "version": "1.5.0",
          "resolved": "https://registry.npmjs.org/sane/-/sane-1.5.0.tgz",
          "integrity": "sha1-pK3q52TQSGIeyyfV+ez1ExAZOfM=",
          "dependencies": {
            "fb-watchman": {
              "version": "1.9.2",
              "resolved": "https://registry.npmjs.org/fb-watchman/-/fb-watchman-1.9.2.tgz",
              "integrity": "sha1-okz0eCf4LTj7Waaa1wt247auc4M="
            }
          }
        },
        "throat": {
          "version": "3.2.0",
          "resolved": "https://registry.npmjs.org/throat/-/throat-3.2.0.tgz",
          "integrity": "sha512-/EY8VpvlqJ+sFtLPeOgc8Pl7kQVOWv0woD87KTXVHPIAE842FGT+rokxIhe8xIUP1cfgrkt0as0vDLjDiMtr8w=="
        },
        "watch": {
          "version": "0.10.0",
          "resolved": "https://registry.npmjs.org/watch/-/watch-0.10.0.tgz",
          "integrity": "sha1-d3mLLaD5kQ1ZXxrOWwwiWFIfIdw="
        }
      }
    },
    "react": {
      "version": "16.3.2",
      "resolved": "https://registry.npmjs.org/react/-/react-16.3.2.tgz",
      "integrity": "sha512-o5GPdkhciQ3cEph6qgvYB7LTOHw/GB0qRI6ZFNugj49qJCFfgHwVNjZ5u+b7nif4vOeMIOuYj3CeYe2IBD74lg=="
    },
    "react-360": {
      "version": "1.1.0",
      "resolved": "https://registry.npmjs.org/react-360/-/react-360-1.1.0.tgz",
      "integrity": "sha512-2n/xsIZ1twjKekOBBgj7bkCs7VOfgEQ4SkObzmHlQUpjC4RGBKjgvNvdYaMlsbj72485YyC87U5n34290+kGFA=="
    },
    "react-360-web": {
      "version": "1.1.0",
      "resolved": "https://registry.npmjs.org/react-360-web/-/react-360-web-1.1.0.tgz",
      "integrity": "sha512-c/ZcPV5uttFEFlYSdnCiLjzZSJ0P6oux6g7JaCTaWV+W4e6+0DE+OMUUen2VBmmZHMywIJqvwPuVdhsXGWTJTA=="
    },
    "react-devtools": {
      "version": "2.5.2",
      "resolved": "https://registry.npmjs.org/react-devtools/-/react-devtools-2.5.2.tgz",
      "integrity": "sha1-tjGVkLKH9g2rdnAG6IJ3ARP6LK4=",
      "dev": true
    },
    "react-native": {
      "version": "0.55.4",
      "resolved": "https://registry.npmjs.org/react-native/-/react-native-0.55.4.tgz",
      "integrity": "sha512-J6U2KeuFIfH0I6kbwymQWe7Yw7AVzPq22tq6z5VmvcYQiKbqKkvjJukgHqR6keRreHjohEaWP5Gi007IGFJdyQ==",
      "dependencies": {
        "execa": {
          "version": "0.7.0",
          "resolved": "https://registry.npmjs.org/execa/-/execa-0.7.0.tgz",
          "integrity": "sha1-lEvs00zEHuMqY6n68nrVpl/Fl3c="
        },
        "find-up": {
          "version": "2.1.0",
          "resolved": "https://registry.npmjs.org/find-up/-/find-up-2.1.0.tgz",
          "integrity": "sha1-RdG35QbHF93UgndaK3eSCjwMV6c="
        },
        "load-json-file": {
          "version": "2.0.0",
          "resolved": "https://registry.npmjs.org/load-json-file/-/load-json-file-2.0.0.tgz",
          "integrity": "sha1-eUfkIUmvgNaWy/eXvKq8/h/inKg="
        },
        "os-locale": {
          "version": "2.1.0",
          "resolved": "https://registry.npmjs.org/os-locale/-/os-locale-2.1.0.tgz",
          "integrity": "sha512-3sslG3zJbEYcaC4YVAvDorjGxc7tv6KVATnLPZONiljsUncvihe9BQoVCEs0RZ1kmf4Hk9OBqlZfJZWI4GanKA=="
        },
        "path-type": {
          "version": "2.0.0",
          "resolved": "https://registry.npmjs.org/path-type/-/path-type-2.0.0.tgz",
          "integrity": "sha1-8BLMuEFbcJb8LaoQVMPXI4lZTHM="
        },
        "react-devtools-core": {
          "version": "3.1.0",
          "resolved": "https://registry.npmjs.org/react-devtools-core/-/react-devtools-core-3.1.0.tgz",
          "integrity": "sha512-fO6SmpW16E9u6Lb6zQOHrjhJXGBNz+cJ0/a9cSF55nXfL0sQLlvYJR8DpU7f4rMUrVnVineg4XQyYYBZicmhJg==",
          "dependencies": {
            "ws": {
              "version": "2.3.1",
              "resolved": "https://registry.npmjs.org/ws/-/ws-2.3.1.tgz",
              "integrity": "sha1-a5Sz5EfLajY/eF6vlK9jWejoHIA="
            }
          }
        },
        "read-pkg": {
          "version": "2.0.0",
          "resolved": "https://registry.npmjs.org/read-pkg/-/read-pkg-2.0.0.tgz",
          "integrity": "sha1-jvHAYjxqbbDcZxPEv6xGMysjaPg="
        },
        "read-pkg-up": {
          "version": "2.0.0",
          "resolved": "https://registry.npmjs.org/read-pkg-up/-/read-pkg-up-2.0.0.tgz",
          "integrity": "sha1-a3KoBImE4MQeeVEP1en6mbO1Sb4="
        },
        "safe-buffer": {
          "version": "5.0.1",
          "resolved": "https://registry.npmjs.org/safe-buffer/-/safe-buffer-5.0.1.tgz",
          "integrity": "sha1-0mPKVGls2KMGtcplUekt5XkY++c="
        },
        "strip-bom": {
          "version": "3.0.0",
          "resolved": "https://registry.npmjs.org/strip-bom/-/strip-bom-3.0.0.tgz",
          "integrity": "sha1-IzTBjpx1n3vdVv3vfprj1YjmjtM="
        },
        "whatwg-fetch": {
          "version": "1.1.1",
          "resolved": "https://registry.npmjs.org/whatwg-fetch/-/whatwg-fetch-1.1.1.tgz",
          "integrity": "sha1-rDydOfMgxtzlM5lp0FTvQ90zMxk="
        },
        "which-module": {
          "version": "2.0.0",
          "resolved": "https://registry.npmjs.org/which-module/-/which-module-2.0.0.tgz",
          "integrity": "sha1-2e8H3Od7mQK4o6j6SzHD4/fm6Ho="
        },
        "yargs": {
          "version": "9.0.1",
          "resolved": "https://registry.npmjs.org/yargs/-/yargs-9.0.1.tgz",
          "integrity": "sha1-UqzCP+7Kw0BCB47njAwAf1CF20w="
        },
        "yargs-parser": {
          "version": "7.0.0",
          "resolved": "https://registry.npmjs.org/yargs-parser/-/yargs-parser-7.0.0.tgz",
          "integrity": "sha1-jQrELxbqVd69MyyvTEA4s+P139k="
        }
      }
    },
    "react-test-renderer": {
      "version": "16.0.0",
      "resolved": "https://registry.npmjs.org/react-test-renderer/-/react-test-renderer-16.0.0.tgz",
      "integrity": "sha1-n+e4MI8vcfKfw1bUECCG8THJyxU=",
      "dev": true
    },
    "simple-raycaster": {
      "version": "1.1.0",
      "resolved": "https://registry.npmjs.org/simple-raycaster/-/simple-raycaster-1.1.0.tgz",
      "integrity": "sha512-+/55LiuVLBSQ0Cjr7jYvtHvDYwaadcWnx0UArvjI3Nsq5kKzBxY8tBDJQaIF+ptzEfYH2N1cAcNtY98M6YJVmA=="
    },
    "three": {
      "version": "0.125.0",
      "resolved": "https://registry.npmjs.org/three/-/three-0.125.0.tgz",
      "integrity": "sha512-qL36qUGsPQ/Ofo/RZdXwHwM7A8wzUSAIyawtjIebJSPvounUQeneSqxI0aBY2iwKpseGy+RUtj3C5f/z4poyXw=="
    },
    "webvr-polyfill": {
      "version": "0.10.10",
      "resolved": "https://registry.npmjs.org/webvr-polyfill/-/webvr-polyfill-0.10.10.tgz",
      "integrity": "sha512-WdKQ1XR9X2Gj9RUtmr+DajvWBWPva75m1rm0Z7CibR7ZstCm913zHYToxw0p/EK342wAxGfiWKsBmb3Jd5OO0w=="
    },
    "xopen": {
      "version": "1.0.0",
      "resolved": "https://registry.npmjs.org/xopen/-/xopen-1.0.0.tgz",
      "integrity": "sha1-8JkJ9too4gc5ZI9QzvjL3Dt39Eg=",
      "dev": true
    }
  }
}
